
Microsoft Visual Studio Solution File, Format Version 12.00
# Visual Studio Version 16
VisualStudioVersion = 16.0.30804.86
MinimumVisualStudioVersion = 10.0.40219.1
Project("{FAE04EC0-301F-11D3-BF4B-00C04F79EFBC}") = "Semana 2 clase 1 ejemplo 2 poliformismo", "Semana 2 clase 1 ejemplo 2\Semana 2 clase 1 ejemplo 2 poliformismo.csproj", "{AB5E5F35-E621-42E4-9832-455F0961E432}"
EndProject
Global
	GlobalSection(SolutionConfigurationPlatforms) = preSolution
		Debug|Any CPU = Debug|Any CPU
		Release|Any CPU = Release|Any CPU
	EndGlobalSection
	GlobalSection(ProjectConfigurationPlatforms) = postSolution
		{AB5E5F35-E621-42E4-9832-455F0961E432}.Debug|Any CPU.ActiveCfg = Debug|Any CPU
		{AB5E5F35-E621-42E4-9832-455F0961E432}.Debug|Any CPU.Build.0 = Debug|Any CPU
		{AB5E5F35-E621-42E4-9832-455F0961E432}.Release|Any CPU.ActiveCfg = Release|Any CPU
		{AB5E5F35-E621-42E4-9832-455F0961E432}.Release|Any CPU.Build.0 = Release|Any CPU
	EndGlobalSection
	GlobalSection(SolutionProperties) = preSolution
		HideSolutionNode = FALSE
	EndGlobalSection
	GlobalSection(ExtensibilityGlobals) = postSolution
		SolutionGuid = {AA3DF9DC-E465-4301-95C3-058483A46F8C}
	EndGlobalSection
EndGlobal
